
Microsoft Visual Studio Solution File, Format Version 12.00
# Visual Studio 15
VisualStudioVersion = 15.0.27130.2027
MinimumVisualStudioVersion = 10.0.40219.1
Project("{FAE04EC0-301F-11D3-BF4B-00C04F79EFBC}") = "calc", "calc\calc.csproj", "{65CCB3B9-9244-45AA-86BC-DC9068D4CADB}"
EndProject
Global
	GlobalSection(SolutionConfigurationPlatforms) = preSolution
		Debug|Any CPU = Debug|Any CPU
		Release|Any CPU = Release|Any CPU
	EndGlobalSection
	GlobalSection(ProjectConfigurationPlatforms) = postSolution
		{65CCB3B9-9244-45AA-86BC-DC9068D4CADB}.Debug|Any CPU.ActiveCfg = Debug|Any CPU
		{65CCB3B9-9244-45AA-86BC-DC9068D4CADB}.Debug|Any CPU.Build.0 = Debug|Any CPU
		{65CCB3B9-9244-45AA-86BC-DC9068D4CADB}.Release|Any CPU.ActiveCfg = Release|Any CPU
		{65CCB3B9-9244-45AA-86BC-DC9068D4CADB}.Release|Any CPU.Build.0 = Release|Any CPU
	EndGlobalSection
	GlobalSection(SolutionProperties) = preSolution
		HideSolutionNode = FALSE
	EndGlobalSection
	GlobalSection(ExtensibilityGlobals) = postSolution
		SolutionGuid = {F198BF78-9D30-4191-8317-74831EE05693}
	EndGlobalSection
EndGlobal
